
Microsoft Visual Studio Solution File, Format Version 12.00
# Visual Studio 15
VisualStudioVersion = 15.0.27130.2027
MinimumVisualStudioVersion = 10.0.40219.1
Project("{FAE04EC0-301F-11D3-BF4B-00C04F79EFBC}") = "TelegramBot.Database", "TelegramBot.Database\TelegramBot.Database.csproj", "{84C57A80-B8A7-4385-BEC9-53079DAF3D5D}"
EndProject
Project("{FAE04EC0-301F-11D3-BF4B-00C04F79EFBC}") = "TelegramBot.Logic", "TelegramBot.Logic\TelegramBot.Logic.csproj", "{5A17F8F3-BAED-4BD9-ABFD-1587E207DC57}"
EndProject
Global
	GlobalSection(SolutionConfigurationPlatforms) = preSolution
		Debug|Any CPU = Debug|Any CPU
		Release|Any CPU = Release|Any CPU
	EndGlobalSection
	GlobalSection(ProjectConfigurationPlatforms) = postSolution
		{84C57A80-B8A7-4385-BEC9-53079DAF3D5D}.Debug|Any CPU.ActiveCfg = Debug|Any CPU
		{84C57A80-B8A7-4385-BEC9-53079DAF3D5D}.Debug|Any CPU.Build.0 = Debug|Any CPU
		{84C57A80-B8A7-4385-BEC9-53079DAF3D5D}.Release|Any CPU.ActiveCfg = Release|Any CPU
		{84C57A80-B8A7-4385-BEC9-53079DAF3D5D}.Release|Any CPU.Build.0 = Release|Any CPU
		{5A17F8F3-BAED-4BD9-ABFD-1587E207DC57}.Debug|Any CPU.ActiveCfg = Debug|Any CPU
		{5A17F8F3-BAED-4BD9-ABFD-1587E207DC57}.Debug|Any CPU.Build.0 = Debug|Any CPU
		{5A17F8F3-BAED-4BD9-ABFD-1587E207DC57}.Release|Any CPU.ActiveCfg = Release|Any CPU
		{5A17F8F3-BAED-4BD9-ABFD-1587E207DC57}.Release|Any CPU.Build.0 = Release|Any CPU
	EndGlobalSection
	GlobalSection(SolutionProperties) = preSolution
		HideSolutionNode = FALSE
	EndGlobalSection
	GlobalSection(ExtensibilityGlobals) = postSolution
		SolutionGuid = {168981F6-D72F-4612-85F6-0D05DA5C4FCF}
	EndGlobalSection
EndGlobal
